{
  "requires": true,
  "lockfileVersion": 1,
  "dependencies": {
    "core-js": {
      "version": "2.5.7",
      "resolved": "https://registry.npmjs.org/core-js/-/core-js-2.5.7.tgz",
      "integrity": "sha512-RszJCAxg/PP6uzXVXL6BsxSXx/B05oJAQ2vkJRjyjrEcNVycaqOmNb5OTxZPE3xa5gwZduqza6L9JOCenh/Ecw=="
    },
    "custom-event-polyfill": {
      "version": "1.0.6",
      "resolved": "https://registry.npmjs.org/custom-event-polyfill/-/custom-event-polyfill-1.0.6.tgz",
      "integrity": "sha512-3FxpFlzGcHrDykwWu+xWVXZ8PfykM/9/bI3zXb953sh+AjInZWcQmrnmvPoZgiqNjmbtTm10PWvYqvRW527x6g=="
    },
    "loadjs": {
      "version": "3.5.4",
      "resolved": "https://registry.npmjs.org/loadjs/-/loadjs-3.5.4.tgz",
      "integrity": "sha512-vJO1whnJ/9Cg+Z8tOLVGuIaLiGpCxEd/+R1OgzWJxoJHAfXOfHqJWnsGbst9Q8dQAGVvt4/X8zhCO0EtlnXcRg=="
    },
    "plyr": {
      "version": "3.4.4",
      "resolved": "https://registry.npmjs.org/plyr/-/plyr-3.4.4.tgz",
      "integrity": "sha512-Gn2KaUOXCdtQLSqvLJInBSPPgsChh87d528DKqKzUMG5/8I8BUh55wWNcTZ6wTqU3kmCGQjiBgQe3C0yDt3AiQ==",
      "requires": {
        "core-js": "^2.5.7",
        "custom-event-polyfill": "^1.0.6",
        "loadjs": "^3.5.4",
        "raven-js": "^3.27.0",
        "url-polyfill": "^1.1.0"
      }
    },
    "raven-js": {
      "version": "3.27.0",
      "resolved": "https://registry.npmjs.org/raven-js/-/raven-js-3.27.0.tgz",
      "integrity": "sha512-vChdOL+yzecfnGA+B5EhEZkJ3kY3KlMzxEhShKh6Vdtooyl0yZfYNFQfYzgMf2v4pyQa+OTZ5esTxxgOOZDHqw=="
    },
    "url-polyfill": {
      "version": "1.1.0",
      "resolved": "https://registry.npmjs.org/url-polyfill/-/url-polyfill-1.1.0.tgz",
      "integrity": "sha512-QAbzqCwd84yA6VyjV30aZXla+lrRmczDurvlsVnK+tFOu677ZNGz8shcFWQRp5BF9/z7qvNiCQLqpWPtVoUEBg=="
    }
  }
}
